
Microsoft Visual Studio Solution File, Format Version 12.00
# Visual Studio Version 16
VisualStudioVersion = 16.0.30907.101
MinimumVisualStudioVersion = 10.0.40219.1
Project("{FAE04EC0-301F-11D3-BF4B-00C04F79EFBC}") = "PlayerCreator", "HeroCreatorRPG\PlayerCreator.csproj", "{41AF67AC-CBAE-4D44-BB92-880333087EEC}"
EndProject
Global
	GlobalSection(SolutionConfigurationPlatforms) = preSolution
		Debug|Any CPU = Debug|Any CPU
		Release|Any CPU = Release|Any CPU
	EndGlobalSection
	GlobalSection(ProjectConfigurationPlatforms) = postSolution
		{41AF67AC-CBAE-4D44-BB92-880333087EEC}.Debug|Any CPU.ActiveCfg = Debug|Any CPU
		{41AF67AC-CBAE-4D44-BB92-880333087EEC}.Debug|Any CPU.Build.0 = Debug|Any CPU
		{41AF67AC-CBAE-4D44-BB92-880333087EEC}.Release|Any CPU.ActiveCfg = Release|Any CPU
		{41AF67AC-CBAE-4D44-BB92-880333087EEC}.Release|Any CPU.Build.0 = Release|Any CPU
	EndGlobalSection
	GlobalSection(SolutionProperties) = preSolution
		HideSolutionNode = FALSE
	EndGlobalSection
	GlobalSection(ExtensibilityGlobals) = postSolution
		SolutionGuid = {71109A42-F87A-4A69-97D9-AA6A751357DD}
	EndGlobalSection
EndGlobal
